{
    "_readme": [
        "This file locks the dependencies of your project to a known state",
        "Read more about it at https://getcomposer.org/doc/01-basic-usage.md#composer-lock-the-lock-file",
        "This file is @generated automatically"
    ],
    "hash": "9bb2a449b3abf02dcd806ff24e4dcd43",
    "content-hash": "91c2c172128769c2de903694976809ec",
    "packages": [
        {
            "name": "briceburg/silverstripe-pageholder",
            "version": "dev-master",
            "source": {
                "type": "git",
                "url": "https://github.com/briceburg/silverstripe-pageholder.git",
                "reference": "25f25234c1df4bc8b2e4ed404995ea181db94f94"
            },
            "dist": {
                "type": "zip",
                "url": "https://api.github.com/repos/briceburg/silverstripe-pageholder/zipball/25f25234c1df4bc8b2e4ed404995ea181db94f94",
                "reference": "25f25234c1df4bc8b2e4ed404995ea181db94f94",
                "shasum": ""
            },
            "require": {
                "micschk/silverstripe-excludechildren": "*",
                "silverstripe/framework": "~3.0"
            },
            "type": "silverstripe-module",
            "extra": {
                "installer-name": "pageholder",
                "screenshots": [
                    "docs/screenshots/pageholder.png",
                    "docs/screenshots/pageholder_edit.png"
                ]
            },
            "notification-url": "https://packagist.org/downloads/",
            "license": [
                "BSD-3-Clause"
            ],
            "authors": [
                {
                    "name": "Brice Burgess",
                    "email": "briceburg@gmail.com"
                }
            ],
            "description": "Hide children from the CMS sitetree and allow management through a Versioned GridField. Think _BlogHolder_ but flexible and for any page type.",
            "homepage": "https://github.com/briceburg/silverstripe-pageholder",
            "keywords": [
                "children",
                "cms",
                "gridfield",
                "hide",
                "manage",
                "silverstripe",
                "sitetree",
                "subpages",
                "versioned"
            ],
            "time": "2014-12-05 19:44:47"
        },
        {
            "name": "colymba/gridfield-bulk-editing-tools",
            "version": "dev-master",
            "source": {
                "type": "git",
                "url": "https://github.com/colymba/GridFieldBulkEditingTools.git",
                "reference": "8c0598a9bab411c9c9a95ca89ae3cd4e7779f887"
            },
            "dist": {
                "type": "zip",
                "url": "https://api.github.com/repos/colymba/GridFieldBulkEditingTools/zipball/8c0598a9bab411c9c9a95ca89ae3cd4e7779f887",
                "reference": "8c0598a9bab411c9c9a95ca89ae3cd4e7779f887",
                "shasum": ""
            },
            "require": {
                "silverstripe/framework": ">=3.1"
            },
            "type": "silverstripe-module",
            "notification-url": "https://packagist.org/downloads/",
            "license": [
                "BSD Simplified"
            ],
            "authors": [
                {
                    "name": "Thierry Francois",
                    "homepage": "http://colymba.com"
                },
                {
                    "name": "GitHub contributors",
                    "homepage": "https://github.com/colymba/GridFieldBulkEditingTools/contributors"
                }
            ],
            "description": "SilverStripe 3 GridField component to upload images and edit records in bulk",
            "homepage": "https://github.com/colymba/GridFieldBulkEditingTools",
            "keywords": [
                "Image upload",
                "bulk upload",
                "gridfield bulk upload",
                "silverstripe"
            ],
            "time": "2016-04-27 08:51:12"
        },
        {
            "name": "composer/installers",
            "version": "dev-master",
            "source": {
                "type": "git",
                "url": "https://github.com/composer/installers.git",
                "reference": "3c90d491bafa3d0a1bd57a7d001da839a08d2f88"
            },
            "dist": {
                "type": "zip",
                "url": "https://api.github.com/repos/composer/installers/zipball/3c90d491bafa3d0a1bd57a7d001da839a08d2f88",
                "reference": "3c90d491bafa3d0a1bd57a7d001da839a08d2f88",
                "shasum": ""
            },
            "require": {
                "composer-plugin-api": "^1.0"
            },
            "replace": {
                "roundcube/plugin-installer": "*",
                "shama/baton": "*"
            },
            "require-dev": {
                "composer/composer": "1.0.*@dev",
                "phpunit/phpunit": "4.1.*"
            },
            "type": "composer-plugin",
            "extra": {
                "class": "Composer\\Installers\\Plugin",
                "branch-alias": {
                    "dev-master": "1.0-dev"
                }
            },
            "autoload": {
                "psr-4": {
                    "Composer\\Installers\\": "src/Composer/Installers"
                }
            },
            "notification-url": "https://packagist.org/downloads/",
            "license": [
                "MIT"
            ],
            "authors": [
                {
                    "name": "Kyle Robinson Young",
                    "email": "kyle@dontkry.com",
                    "homepage": "https://github.com/shama"
                }
            ],
            "description": "A multi-framework Composer library installer",
            "homepage": "https://composer.github.io/installers/",
            "keywords": [
                "Craft",
                "Dolibarr",
                "Hurad",
                "ImageCMS",
                "MODX Evo",
                "Mautic",
                "OXID",
                "RadPHP",
                "SMF",
                "Thelia",
                "WolfCMS",
                "agl",
                "aimeos",
                "annotatecms",
                "bitrix",
                "cakephp",
                "chef",
                "codeigniter",
                "concrete5",
                "croogo",
                "dokuwiki",
                "drupal",
                "elgg",
                "expressionengine",
                "fuelphp",
                "grav",
                "installer",
                "joomla",
                "kohana",
                "laravel",
                "lithium",
                "magento",
                "mako",
                "mediawiki",
                "modulework",
                "moodle",
                "phpbb",
                "piwik",
                "ppi",
                "puppet",
                "roundcube",
                "shopware",
                "silverstripe",
                "symfony",
                "typo3",
                "wordpress",
                "zend",
                "zikula"
            ],
            "time": "2016-06-24 07:03:15"
        },
        {
            "name": "i-lateral/silverstripe-trumbowyg-htmleditor",
            "version": "dev-master",
            "source": {
                "type": "git",
                "url": "https://github.com/i-lateral/silverstripe-trumbowyg-htmleditor.git",
                "reference": "36e0b41dc2de6baaa4192a6fd6447fe78d4c5d9c"
            },
            "dist": {
                "type": "zip",
                "url": "https://api.github.com/repos/i-lateral/silverstripe-trumbowyg-htmleditor/zipball/36e0b41dc2de6baaa4192a6fd6447fe78d4c5d9c",
                "reference": "36e0b41dc2de6baaa4192a6fd6447fe78d4c5d9c",
                "shasum": ""
            },
            "require": {
                "silverstripe/framework": ">=3.1"
            },
            "type": "silverstripe-module",
            "extra": {
                "installer-name": "trumbowyg-htmleditor"
            },
            "notification-url": "https://packagist.org/downloads/",
            "license": [
                "BSD-3-Clause"
            ],
            "authors": [
                {
                    "name": "Morven Lewis-Everley",
                    "email": "morven@i-lateral.com"
                }
            ],
            "description": "Simple HTML Editor field for the Silverstripe CMS that uses the Trumbowyg jquery plugin for WYSIWYG editing",
            "homepage": "http://github.com/i-lateral/silverstripe-trumbowyg-htmleditor",
            "keywords": [
                "editor",
                "fields",
                "form",
                "html",
                "silverstripe",
                "wysiwyg"
            ],
            "time": "2016-02-18 13:20:12"
        },
        {
            "name": "jonom/silverstripe-betternavigator",
            "version": "dev-master",
            "source": {
                "type": "git",
                "url": "https://github.com/jonom/silverstripe-betternavigator.git",
                "reference": "e0a82db4673988c55710dcf651c91436f0d9230c"
            },
            "dist": {
                "type": "zip",
                "url": "https://api.github.com/repos/jonom/silverstripe-betternavigator/zipball/e0a82db4673988c55710dcf651c91436f0d9230c",
                "reference": "e0a82db4673988c55710dcf651c91436f0d9230c",
                "shasum": ""
            },
            "require": {
                "silverstripe/framework": "~3.1"
            },
            "type": "silverstripe-module",
            "extra": {
                "installer-name": "betternavigator"
            },
            "notification-url": "https://packagist.org/downloads/",
            "license": [
                "BSD-3-Clause"
            ],
            "authors": [
                {
                    "name": "Jonathon Menz",
                    "homepage": "http://jonathonmenz.com"
                }
            ],
            "description": "Front-end utility menu for SilverStripe websites featuring administration and development tools",
            "keywords": [
                "BetterNavigator",
                "SilverStripeNavigator",
                "navigator",
                "silverstripe"
            ],
            "time": "2016-02-10 17:31:37"
        },
        {
            "name": "md/ac-json-events",
            "version": "dev-master",
            "source": {
                "type": "git",
                "url": "https://github.com/StudentLifeMarketingAndDesign/ac-json-events.git",
                "reference": "ac0dc08b8b9ad97b5d55e61632f0efdfc7aa3a66"
            },
            "dist": {
                "type": "zip",
                "url": "https://api.github.com/repos/StudentLifeMarketingAndDesign/ac-json-events/zipball/ac0dc08b8b9ad97b5d55e61632f0efdfc7aa3a66",
                "reference": "ac0dc08b8b9ad97b5d55e61632f0efdfc7aa3a66",
                "shasum": ""
            },
            "require": {
                "php": ">=5.3.2",
                "silverstripe/cms": "3.*",
                "silverstripe/framework": "3.*"
            },
            "type": "silverstripe-module",
            "extra": {
                "branch-alias": {
                    "dev-master": "0.1.x-dev"
                }
            },
            "description": "After Class JSON Display Module",
            "support": {
                "source": "https://github.com/StudentLifeMarketingAndDesign/ac-json-events/tree/master",
                "issues": "https://github.com/StudentLifeMarketingAndDesign/ac-json-events/issues"
            },
            "time": "2016-03-11 17:30:53"
        },
        {
            "name": "md/division-bar",
            "version": "dev-master",
            "source": {
                "type": "git",
                "url": "https://github.com/StudentLifeMarketingAndDesign/division-bar.git",
                "reference": "2869632121e6705e6cbb4bc159b47c27a4d564b6"
            },
            "dist": {
                "type": "zip",
                "url": "https://api.github.com/repos/StudentLifeMarketingAndDesign/division-bar/zipball/2869632121e6705e6cbb4bc159b47c27a4d564b6",
                "reference": "2869632121e6705e6cbb4bc159b47c27a4d564b6",
                "shasum": ""
            },
            "require": {
                "php": ">=5.3.2",
                "silverstripe/cms": "3.*",
                "silverstripe/framework": "3.*"
            },
            "type": "silverstripe-module",
            "extra": {
                "branch-alias": {
                    "dev-master": "0.1.x-dev"
                }
            },
            "description": "The University of Iowa Division of Student Life Bar",
            "support": {
                "source": "https://github.com/StudentLifeMarketingAndDesign/division-bar/tree/master",
                "issues": "https://github.com/StudentLifeMarketingAndDesign/division-bar/issues"
            },
            "time": "2016-05-17 16:11:05"
        },
        {
            "name": "micschk/silverstripe-excludechildren",
            "version": "dev-master",
            "source": {
                "type": "git",
                "url": "https://github.com/micschk/silverstripe-excludechildren.git",
                "reference": "6c48d8785aaf5b8154601be3bef2add5b0cd098e"
            },
            "dist": {
                "type": "zip",
                "url": "https://api.github.com/repos/micschk/silverstripe-excludechildren/zipball/6c48d8785aaf5b8154601be3bef2add5b0cd098e",
                "reference": "6c48d8785aaf5b8154601be3bef2add5b0cd098e",
                "shasum": ""
            },
            "require": {
                "silverstripe/framework": "~3.0"
            },
            "type": "silverstripe-module",
            "extra": {
                "installer-name": "excludechildren"
            },
            "notification-url": "https://packagist.org/downloads/",
            "authors": [
                {
                    "name": "micschk"
                }
            ],
            "description": "Extension to hide pages from the SiteTree",
            "keywords": [
                "excludechildren",
                "silverstripe",
                "sitetree"
            ],
            "time": "2015-12-12 12:01:28"
        },
        {
            "name": "rywa/silverstripe-foundation-forms",
            "version": "1.0.x-dev",
            "source": {
                "type": "git",
                "url": "https://github.com/ryanwachtl/silverstripe-foundation-forms.git",
                "reference": "e2f80285ae3ec42026b339efd8e4b05fcb970c6d"
            },
            "dist": {
                "type": "zip",
                "url": "https://api.github.com/repos/ryanwachtl/silverstripe-foundation-forms/zipball/e2f80285ae3ec42026b339efd8e4b05fcb970c6d",
                "reference": "e2f80285ae3ec42026b339efd8e4b05fcb970c6d",
                "shasum": ""
            },
            "require": {
                "composer/installers": "*",
                "silverstripe/framework": "~3.1"
            },
            "type": "silverstripe-module",
            "extra": {
                "installer-name": "foundationforms",
                "branch-alias": {
                    "dev-master": "1.0.x-dev"
                }
            },
            "notification-url": "https://packagist.org/downloads/",
            "license": [
                "MIT Open Source License"
            ],
            "authors": [
                {
                    "name": "Ryan Wachtl",
                    "email": "ryan@beyondusability.pro",
                    "homepage": "http://beyondusability.pro",
                    "role": "Developer"
                }
            ],
            "description": "Add Foundation framework forms compatibility to SilverStripe 3",
            "keywords": [
                "Forms",
                "foundation",
                "silverstripe",
                "zurb foundation"
            ],
            "time": "2016-02-04 19:17:22"
        },
        {
            "name": "silverstripe-themes/simple",
            "version": "dev-master",
            "source": {
                "type": "git",
                "url": "https://github.com/silverstripe-themes/silverstripe-simple.git",
                "reference": "c8f07c500f2fd55ad00d9b743b53ace392eab3bf"
            },
            "dist": {
                "type": "zip",
                "url": "https://api.github.com/repos/silverstripe-themes/silverstripe-simple/zipball/c8f07c500f2fd55ad00d9b743b53ace392eab3bf",
                "reference": "c8f07c500f2fd55ad00d9b743b53ace392eab3bf",
                "shasum": ""
            },
            "require": {
                "composer/installers": "*",
                "silverstripe/framework": ">=3.0"
            },
            "type": "silverstripe-theme",
            "notification-url": "https://packagist.org/downloads/",
            "license": [
                "BSD-3-Clause"
            ],
            "authors": [
                {
                    "name": "Sara Tušar (Innovaif)",
                    "homepage": "http://www.saratusar.com"
                }
            ],
            "description": "The SilverStripe simple theme (default SilverStripe 3 theme)",
            "keywords": [
                "silverstripe",
                "theme"
            ],
            "time": "2016-02-16 22:42:40"
        },
        {
            "name": "silverstripe/cms",
            "version": "3.1.19",
            "source": {
                "type": "git",
                "url": "https://github.com/silverstripe/silverstripe-cms.git",
                "reference": "03c628345b93ce25b27a753447e8ff007c4c1125"
            },
            "dist": {
                "type": "zip",
                "url": "https://api.github.com/repos/silverstripe/silverstripe-cms/zipball/03c628345b93ce25b27a753447e8ff007c4c1125",
                "reference": "03c628345b93ce25b27a753447e8ff007c4c1125",
                "shasum": ""
            },
            "require": {
                "composer/installers": "*",
                "php": ">=5.3.2",
                "silverstripe/framework": "3.1.*"
            },
            "type": "silverstripe-module",
            "autoload": {
                "classmap": [
                    "tests/behat/"
                ]
            },
            "notification-url": "https://packagist.org/downloads/",
            "license": [
                "BSD-3-Clause"
            ],
            "authors": [
                {
                    "name": "SilverStripe",
                    "homepage": "http://silverstripe.com"
                },
                {
                    "name": "The SilverStripe Community",
                    "homepage": "http://silverstripe.org"
                }
            ],
            "description": "The SilverStripe Content Management System",
            "homepage": "http://silverstripe.org",
            "keywords": [
                "cms",
                "silverstripe"
            ],
            "time": "2016-05-10 22:58:24"
        },
        {
            "name": "silverstripe/framework",
            "version": "3.1.19",
            "source": {
                "type": "git",
                "url": "https://github.com/silverstripe/silverstripe-framework.git",
                "reference": "68dca6f6c0cc14b1b0f1e1f70a608f78939ac156"
            },
            "dist": {
                "type": "zip",
                "url": "https://api.github.com/repos/silverstripe/silverstripe-framework/zipball/68dca6f6c0cc14b1b0f1e1f70a608f78939ac156",
                "reference": "68dca6f6c0cc14b1b0f1e1f70a608f78939ac156",
                "shasum": ""
            },
            "require": {
                "composer/installers": "*",
                "php": ">=5.3.2,<7"
            },
            "require-dev": {
                "phpunit/phpunit": "~3.7@stable"
            },
            "type": "silverstripe-module",
            "autoload": {
                "classmap": [
                    "tests/behat/features/bootstrap"
                ]
            },
            "notification-url": "https://packagist.org/downloads/",
            "license": [
                "BSD-3-Clause"
            ],
            "authors": [
                {
                    "name": "SilverStripe",
                    "homepage": "http://silverstripe.com"
                },
                {
                    "name": "The SilverStripe Community",
                    "homepage": "http://silverstripe.org"
                }
            ],
            "description": "The SilverStripe framework",
            "homepage": "http://silverstripe.org",
            "keywords": [
                "framework",
                "silverstripe"
            ],
            "time": "2016-05-10 23:09:20"
        },
        {
            "name": "silverstripe/lumberjack",
            "version": "dev-master",
            "source": {
                "type": "git",
                "url": "https://github.com/silverstripe/silverstripe-lumberjack.git",
                "reference": "4095365215c71c370546bcc27c910cd29ae53acf"
            },
            "dist": {
                "type": "zip",
                "url": "https://api.github.com/repos/silverstripe/silverstripe-lumberjack/zipball/4095365215c71c370546bcc27c910cd29ae53acf",
                "reference": "4095365215c71c370546bcc27c910cd29ae53acf",
                "shasum": ""
            },
            "require": {
                "silverstripe/cms": ">=3.1.0"
            },
            "require-dev": {
                "phpunit/phpunit": "~3.7@stable"
            },
            "type": "silverstripe-module",
            "license": [
                "BSD-2-Clause"
            ],
            "authors": [
                {
                    "name": "Michael Strong",
                    "email": "mstrong@silverstripe.org"
                }
            ],
            "description": "A module to make managing pages in a GridField easy without losing any of the functionality that you're used to in the CMS.",
            "support": {
                "source": "https://github.com/silverstripe/silverstripe-lumberjack/tree/master",
                "issues": "https://github.com/silverstripe/silverstripe-lumberjack/issues"
            },
            "time": "2016-05-31 03:43:20"
        },
        {
            "name": "silverstripe/spamprotection",
            "version": "1.2.0",
            "source": {
                "type": "git",
                "url": "https://github.com/silverstripe/silverstripe-spamprotection.git",
                "reference": "39f7f0be454af5f67f2789c6e7691221896fa313"
            },
            "dist": {
                "type": "zip",
                "url": "https://api.github.com/repos/silverstripe/silverstripe-spamprotection/zipball/39f7f0be454af5f67f2789c6e7691221896fa313",
                "reference": "39f7f0be454af5f67f2789c6e7691221896fa313",
                "shasum": ""
            },
            "require": {
                "silverstripe/framework": "~3.1"
            },
            "type": "silverstripe-module",
            "notification-url": "https://packagist.org/downloads/",
            "authors": [
                {
                    "name": "Saophalkun Ponlu",
                    "email": "phalkunz@silverstripe.com"
                },
                {
                    "name": "Will Rossiter",
                    "email": "will@fullscreen.io",
                    "homepage": "http://wilr.github.com"
                }
            ],
            "description": "Spam protection module for SilverStripe.",
            "keywords": [
                "silverstripe",
                "spamprotection"
            ],
            "time": "2014-03-07 07:38:25"
        },
        {
            "name": "silverstripe/tagfield",
            "version": "dev-master",
            "source": {
                "type": "git",
                "url": "https://github.com/silverstripe-labs/silverstripe-tagfield.git",
                "reference": "d3563cebbcd83f15fb63a14befd47eda8079e9cb"
            },
            "dist": {
                "type": "zip",
                "url": "https://api.github.com/repos/silverstripe-labs/silverstripe-tagfield/zipball/d3563cebbcd83f15fb63a14befd47eda8079e9cb",
                "reference": "d3563cebbcd83f15fb63a14befd47eda8079e9cb",
                "shasum": ""
            },
            "require": {
                "silverstripe/framework": "~3.1"
            },
            "type": "silverstripe-module",
            "extra": {
                "branch-alias": {
                    "dev-master": "1.3.x-dev"
                }
            },
            "notification-url": "https://packagist.org/downloads/",
            "license": [
                "BSD-3-Clause"
            ],
            "authors": [
                {
                    "name": "Christopher Pitt",
                    "email": "chris@silverstripe.com",
                    "homepage": "http://github.com/assertchris"
                }
            ],
            "description": "Tag field for Silverstripe",
            "keywords": [
                "field",
                "silverstripe",
                "tag"
            ],
            "time": "2016-05-18 23:53:13"
        },
        {
            "name": "thisisbd/silverstripe-maintenance-mode",
            "version": "dev-master",
            "source": {
                "type": "git",
                "url": "https://github.com/dljoseph/silverstripe-maintenance-mode.git",
                "reference": "33bb3fe802f6a9efe0be04358e22dfd471acd803"
            },
            "dist": {
                "type": "zip",
                "url": "https://api.github.com/repos/dljoseph/silverstripe-maintenance-mode/zipball/33bb3fe802f6a9efe0be04358e22dfd471acd803",
                "reference": "33bb3fe802f6a9efe0be04358e22dfd471acd803",
                "shasum": ""
            },
            "require": {
                "silverstripe/cms": "~3.1",
                "silverstripe/framework": "~3.1"
            },
            "type": "silverstripe-module",
            "extra": {
                "installer-name": "maintenance-mode"
            },
            "notification-url": "https://packagist.org/downloads/",
            "license": [
                "BSD-3-Clause"
            ],
            "authors": [
                {
                    "name": "Myles Beardsmore",
                    "email": "mediabeastnz@gmail.com"
                },
                {
                    "name": "Darren-Lee Joseph",
                    "email": "darrenleejoseph@gmail.com"
                },
                {
                    "name": "Patrick Nelson",
                    "email": "pat@catchyour.com"
                }
            ],
            "description": "SilverStripe Maintenance Mode Module.  Allows an administrator to put site in offline mode with 503 status to display a 'Coming Soon', 'Under Construction' or 'Down for Maintenance' Page to regular visitors, whilst allowing a logged in admin user to browse and make changes to the site.",
            "homepage": "http://github.com/thisisbd/silverstripe-maintenance-mode",
            "keywords": [
                "Maintenance mode",
                "coming soon",
                "landing page",
                "offline page",
                "silverstripe",
                "under construction",
                "utility page"
            ],
            "time": "2016-05-19 10:10:59"
        },
        {
            "name": "unclecheese/betterbuttons",
            "version": "dev-master",
            "source": {
                "type": "git",
                "url": "https://github.com/unclecheese/silverstripe-gridfield-betterbuttons.git",
                "reference": "5a34cdaab7145096132452cd2144370071346a73"
            },
            "dist": {
                "type": "zip",
                "url": "https://api.github.com/repos/unclecheese/silverstripe-gridfield-betterbuttons/zipball/5a34cdaab7145096132452cd2144370071346a73",
                "reference": "5a34cdaab7145096132452cd2144370071346a73",
                "shasum": ""
            },
            "require": {
                "silverstripe/framework": "~3.1"
            },
            "type": "silverstripe-module",
            "notification-url": "https://packagist.org/downloads/",
            "license": [
                "GNU"
            ],
            "authors": [
                {
                    "name": "Uncle Cheese",
                    "email": "unclecheese@leftandmain.com"
                }
            ],
            "description": "Adds new form actions and buttons to GridField detail form for usability enhancements.",
            "keywords": [
                "buttons",
                "gridfield",
                "silverstripe"
            ],
            "time": "2016-06-23 23:28:18"
        },
        {
            "name": "undefinedoffset/silverstripe-nocaptcha",
            "version": "0.1.5",
            "source": {
                "type": "git",
                "url": "https://github.com/UndefinedOffset/silverstripe-nocaptcha.git",
                "reference": "8e651e8229cba7f69a12f373a76f222b2dde92d3"
            },
            "dist": {
                "type": "zip",
                "url": "https://api.github.com/repos/UndefinedOffset/silverstripe-nocaptcha/zipball/8e651e8229cba7f69a12f373a76f222b2dde92d3",
                "reference": "8e651e8229cba7f69a12f373a76f222b2dde92d3",
                "shasum": ""
            },
            "require": {
                "composer/installers": "*",
                "silverstripe/framework": "~3.1",
                "silverstripe/spamprotection": ">=1.2.0"
            },
            "type": "silverstripe-module",
            "extra": {
                "installer-name": "nocaptcha"
            },
            "notification-url": "https://packagist.org/downloads/",
            "license": [
                "BSD-3-Clause"
            ],
            "authors": [
                {
                    "name": "Ed Chipman",
                    "homepage": "http://www.edchipman.ca",
                    "role": "Developer"
                }
            ],
            "description": "A spam protector and form field using the new Google's reCAPTCHA 2 aka No Captcha",
            "keywords": [
                "nocaptcha",
                "recaptcha",
                "recaptcha2",
                "silverstripe",
                "spamprotection"
            ],
            "time": "2015-10-01 22:50:02"
        }
    ],
    "packages-dev": [],
    "aliases": [],
    "minimum-stability": "dev",
    "stability-flags": {
        "silverstripe/cms": 0,
        "silverstripe/framework": 0,
        "rywa/silverstripe-foundation-forms": 20,
        "i-lateral/silverstripe-trumbowyg-htmleditor": 20
    },
    "prefer-stable": false,
    "prefer-lowest": false,
    "platform": {
        "php": ">=5.3.2"
    },
    "platform-dev": []
}
