{
    "_readme": [
        "This file locks the dependencies of your project to a known state",
        "Read more about it at https://getcomposer.org/doc/01-basic-usage.md#composer-lock-the-lock-file",
        "This file is @generated automatically"
    ],
    "content-hash": "ccfc61d814d2de8cfbca7a9e906e5e5e",
    "packages": [
        {
            "name": "briceburg/silverstripe-pageholder",
            "version": "dev-master",
            "source": {
                "type": "git",
                "url": "https://github.com/briceburg/silverstripe-pageholder.git",
                "reference": "25f25234c1df4bc8b2e4ed404995ea181db94f94"
            },
            "dist": {
                "type": "zip",
                "url": "https://api.github.com/repos/briceburg/silverstripe-pageholder/zipball/25f25234c1df4bc8b2e4ed404995ea181db94f94",
                "reference": "25f25234c1df4bc8b2e4ed404995ea181db94f94",
                "shasum": ""
            },
            "require": {
                "micschk/silverstripe-excludechildren": "*",
                "silverstripe/framework": "~3.0"
            },
            "type": "silverstripe-module",
            "extra": {
                "installer-name": "pageholder",
                "screenshots": [
                    "docs/screenshots/pageholder.png",
                    "docs/screenshots/pageholder_edit.png"
                ]
            },
            "notification-url": "https://packagist.org/downloads/",
            "license": [
                "BSD-3-Clause"
            ],
            "authors": [
                {
                    "name": "Brice Burgess",
                    "email": "briceburg@gmail.com"
                }
            ],
            "description": "Hide children from the CMS sitetree and allow management through a Versioned GridField. Think _BlogHolder_ but flexible and for any page type.",
            "homepage": "https://github.com/briceburg/silverstripe-pageholder",
            "keywords": [
                "children",
                "cms",
                "gridfield",
                "hide",
                "manage",
                "silverstripe",
                "sitetree",
                "subpages",
                "versioned"
            ],
            "time": "2014-12-05 19:44:47"
        },
        {
            "name": "colymba/gridfield-bulk-editing-tools",
            "version": "2.1.x-dev",
            "source": {
                "type": "git",
                "url": "https://github.com/colymba/GridFieldBulkEditingTools.git",
                "reference": "81a524310dc9111d7ac601d4cb5ad898a8037625"
            },
            "dist": {
                "type": "zip",
                "url": "https://api.github.com/repos/colymba/GridFieldBulkEditingTools/zipball/81a524310dc9111d7ac601d4cb5ad898a8037625",
                "reference": "81a524310dc9111d7ac601d4cb5ad898a8037625",
                "shasum": ""
            },
            "require": {
                "silverstripe/framework": ">=3.1"
            },
            "type": "silverstripe-module",
            "notification-url": "https://packagist.org/downloads/",
            "license": [
                "BSD Simplified"
            ],
            "authors": [
                {
                    "name": "Thierry Francois",
                    "homepage": "http://colymba.com"
                },
                {
                    "name": "GitHub contributors",
                    "homepage": "https://github.com/colymba/GridFieldBulkEditingTools/contributors"
                }
            ],
            "description": "SilverStripe 3 GridField component to upload images and edit records in bulk",
            "homepage": "https://github.com/colymba/GridFieldBulkEditingTools",
            "keywords": [
                "Image upload",
                "bulk upload",
                "gridfield bulk upload",
                "silverstripe"
            ],
            "time": "2017-07-03 06:19:42"
        },
        {
            "name": "composer/installers",
            "version": "v1.3.0",
            "source": {
                "type": "git",
                "url": "https://github.com/composer/installers.git",
                "reference": "79ad876c7498c0bbfe7eed065b8651c93bfd6045"
            },
            "dist": {
                "type": "zip",
                "url": "https://api.github.com/repos/composer/installers/zipball/79ad876c7498c0bbfe7eed065b8651c93bfd6045",
                "reference": "79ad876c7498c0bbfe7eed065b8651c93bfd6045",
                "shasum": ""
            },
            "require": {
                "composer-plugin-api": "^1.0"
            },
            "replace": {
                "roundcube/plugin-installer": "*",
                "shama/baton": "*"
            },
            "require-dev": {
                "composer/composer": "1.0.*@dev",
                "phpunit/phpunit": "4.1.*"
            },
            "type": "composer-plugin",
            "extra": {
                "class": "Composer\\Installers\\Plugin",
                "branch-alias": {
                    "dev-master": "1.0-dev"
                }
            },
            "autoload": {
                "psr-4": {
                    "Composer\\Installers\\": "src/Composer/Installers"
                }
            },
            "notification-url": "https://packagist.org/downloads/",
            "license": [
                "MIT"
            ],
            "authors": [
                {
                    "name": "Kyle Robinson Young",
                    "email": "kyle@dontkry.com",
                    "homepage": "https://github.com/shama"
                }
            ],
            "description": "A multi-framework Composer library installer",
            "homepage": "https://composer.github.io/installers/",
            "keywords": [
                "Craft",
                "Dolibarr",
                "Eliasis",
                "Hurad",
                "ImageCMS",
                "Kanboard",
                "MODX Evo",
                "Mautic",
                "Maya",
                "OXID",
                "Plentymarkets",
                "Porto",
                "RadPHP",
                "SMF",
                "Thelia",
                "WolfCMS",
                "agl",
                "aimeos",
                "annotatecms",
                "attogram",
                "bitrix",
                "cakephp",
                "chef",
                "cockpit",
                "codeigniter",
                "concrete5",
                "croogo",
                "dokuwiki",
                "drupal",
                "elgg",
                "expressionengine",
                "fuelphp",
                "grav",
                "installer",
                "itop",
                "joomla",
                "kohana",
                "laravel",
                "lavalite",
                "lithium",
                "magento",
                "mako",
                "mediawiki",
                "modulework",
                "moodle",
                "phpbb",
                "piwik",
                "ppi",
                "puppet",
                "reindex",
                "roundcube",
                "shopware",
                "silverstripe",
                "sydes",
                "symfony",
                "typo3",
                "wordpress",
                "yawik",
                "zend",
                "zikula"
            ],
            "time": "2017-04-24T06:37:16+00:00"
        },
        {
            "name": "i-lateral/silverstripe-trumbowyg-htmleditor",
            "version": "dev-master",
            "source": {
                "type": "git",
                "url": "https://github.com/i-lateral/silverstripe-trumbowyg-htmleditor.git",
                "reference": "36e0b41dc2de6baaa4192a6fd6447fe78d4c5d9c"
            },
            "dist": {
                "type": "zip",
                "url": "https://api.github.com/repos/i-lateral/silverstripe-trumbowyg-htmleditor/zipball/36e0b41dc2de6baaa4192a6fd6447fe78d4c5d9c",
                "reference": "36e0b41dc2de6baaa4192a6fd6447fe78d4c5d9c",
                "shasum": ""
            },
            "require": {
                "silverstripe/framework": ">=3.1"
            },
            "type": "silverstripe-module",
            "extra": {
                "installer-name": "trumbowyg-htmleditor"
            },
            "notification-url": "https://packagist.org/downloads/",
            "license": [
                "BSD-3-Clause"
            ],
            "authors": [
                {
                    "name": "Morven Lewis-Everley",
                    "email": "morven@i-lateral.com"
                }
            ],
            "description": "Simple HTML Editor field for the Silverstripe CMS that uses the Trumbowyg jquery plugin for WYSIWYG editing",
            "homepage": "http://github.com/i-lateral/silverstripe-trumbowyg-htmleditor",
            "keywords": [
                "editor",
                "fields",
                "form",
                "html",
                "silverstripe",
                "wysiwyg"
            ],
            "time": "2016-02-18 13:20:12"
        },
        {
            "name": "jonom/silverstripe-betternavigator",
            "version": "3.0.1",
            "source": {
                "type": "git",
                "url": "https://github.com/jonom/silverstripe-betternavigator.git",
                "reference": "63f16e40545c8d7d0c84548dd1b799cd1a271518"
            },
            "dist": {
                "type": "zip",
                "url": "https://api.github.com/repos/jonom/silverstripe-betternavigator/zipball/63f16e40545c8d7d0c84548dd1b799cd1a271518",
                "reference": "63f16e40545c8d7d0c84548dd1b799cd1a271518",
                "shasum": ""
            },
            "require": {
                "silverstripe/framework": "~3.1"
            },
            "type": "silverstripe-module",
            "extra": {
                "installer-name": "betternavigator"
            },
            "notification-url": "https://packagist.org/downloads/",
            "license": [
                "BSD-3-Clause"
            ],
            "authors": [
                {
                    "name": "Jonathon Menz",
                    "homepage": "http://jonathonmenz.com"
                }
            ],
            "description": "Front-end utility menu for SilverStripe websites featuring administration and development tools",
            "keywords": [
                "BetterNavigator",
                "SilverStripeNavigator",
                "navigator",
                "silverstripe"
            ],
            "time": "2017-03-22T23:39:21+00:00"
        },
        {
            "name": "md/ac-json-events",
            "version": "dev-master",
            "source": {
                "type": "git",
                "url": "https://github.com/StudentLifeMarketingAndDesign/ac-json-events.git",
                "reference": "e6dac05b0f20c336963adfccd140d031c6cb3a92"
            },
            "dist": {
                "type": "zip",
                "url": "https://api.github.com/repos/StudentLifeMarketingAndDesign/ac-json-events/zipball/e6dac05b0f20c336963adfccd140d031c6cb3a92",
                "reference": "e6dac05b0f20c336963adfccd140d031c6cb3a92",
                "shasum": ""
            },
            "require": {
                "php": ">=5.3.2",
                "silverstripe/cms": "3.*",
                "silverstripe/framework": "3.*"
            },
            "type": "silverstripe-module",
            "extra": {
                "branch-alias": {
                    "dev-master": "0.1.x-dev"
                }
            },
            "description": "After Class JSON Display Module",
            "support": {
                "source": "https://github.com/StudentLifeMarketingAndDesign/ac-json-events/tree/master",
                "issues": "https://github.com/StudentLifeMarketingAndDesign/ac-json-events/issues"
            },
            "time": "2017-04-12 19:06:46"
        },
        {
            "name": "md/division-bar",
            "version": "dev-master",
            "source": {
                "type": "git",
                "url": "https://github.com/StudentLifeMarketingAndDesign/division-bar.git",
                "reference": "22913ca8e3e4398f3042a4c076da682f7d2550b7"
            },
            "dist": {
                "type": "zip",
                "url": "https://api.github.com/repos/StudentLifeMarketingAndDesign/division-bar/zipball/22913ca8e3e4398f3042a4c076da682f7d2550b7",
                "reference": "22913ca8e3e4398f3042a4c076da682f7d2550b7",
                "shasum": ""
            },
            "require": {
                "php": ">=5.3.2",
                "silverstripe/cms": "3.*",
                "silverstripe/framework": "3.*"
            },
            "type": "silverstripe-module",
            "extra": {
                "branch-alias": {
                    "dev-master": "0.1.x-dev"
                }
            },
            "description": "The University of Iowa Division of Student Life Bar",
            "support": {
                "source": "https://github.com/StudentLifeMarketingAndDesign/division-bar/tree/master",
                "issues": "https://github.com/StudentLifeMarketingAndDesign/division-bar/issues"
            },
            "time": "2016-10-14 20:47:47"
        },
        {
            "name": "micschk/silverstripe-excludechildren",
            "version": "dev-master",
            "source": {
                "type": "git",
                "url": "https://github.com/micschk/silverstripe-excludechildren.git",
                "reference": "e604c6e56b85039cbbe8b63644ed95f867a535f4"
            },
            "dist": {
                "type": "zip",
                "url": "https://api.github.com/repos/micschk/silverstripe-excludechildren/zipball/e604c6e56b85039cbbe8b63644ed95f867a535f4",
                "reference": "e604c6e56b85039cbbe8b63644ed95f867a535f4",
                "shasum": ""
            },
            "require": {
                "silverstripe/framework": "~3.0"
            },
            "type": "silverstripe-module",
            "extra": {
                "installer-name": "excludechildren"
            },
            "notification-url": "https://packagist.org/downloads/",
            "authors": [
                {
                    "name": "micschk"
                }
            ],
            "description": "Extension to hide pages from the SiteTree",
            "keywords": [
                "excludechildren",
                "silverstripe",
                "sitetree"
            ],
            "time": "2016-09-20 05:59:20"
        },
        {
            "name": "rywa/silverstripe-foundation-forms",
            "version": "1.0.x-dev",
            "source": {
                "type": "git",
                "url": "https://github.com/ryanwachtl/silverstripe-foundation-forms.git",
                "reference": "e2f80285ae3ec42026b339efd8e4b05fcb970c6d"
            },
            "dist": {
                "type": "zip",
                "url": "https://api.github.com/repos/ryanwachtl/silverstripe-foundation-forms/zipball/e2f80285ae3ec42026b339efd8e4b05fcb970c6d",
                "reference": "e2f80285ae3ec42026b339efd8e4b05fcb970c6d",
                "shasum": ""
            },
            "require": {
                "composer/installers": "*",
                "silverstripe/framework": "~3.1"
            },
            "type": "silverstripe-module",
            "extra": {
                "installer-name": "foundationforms",
                "branch-alias": {
                    "dev-master": "1.0.x-dev"
                }
            },
            "notification-url": "https://packagist.org/downloads/",
            "license": [
                "MIT Open Source License"
            ],
            "authors": [
                {
                    "name": "Ryan Wachtl",
                    "email": "ryan@beyondusability.pro",
                    "homepage": "http://beyondusability.pro",
                    "role": "Developer"
                }
            ],
            "description": "Add Foundation framework forms compatibility to SilverStripe 3",
            "keywords": [
                "Forms",
                "foundation",
                "silverstripe",
                "zurb foundation"
            ],
            "time": "2016-02-04 19:17:22"
        },
        {
            "name": "silverstripe-themes/simple",
            "version": "dev-master",
            "source": {
                "type": "git",
                "url": "https://github.com/silverstripe-themes/silverstripe-simple.git",
                "reference": "44a6eabbd5fd6558f5a298e8b320fdee5bf7ceb4"
            },
            "dist": {
                "type": "zip",
                "url": "https://api.github.com/repos/silverstripe-themes/silverstripe-simple/zipball/44a6eabbd5fd6558f5a298e8b320fdee5bf7ceb4",
                "reference": "44a6eabbd5fd6558f5a298e8b320fdee5bf7ceb4",
                "shasum": ""
            },
            "require": {
                "composer/installers": "*",
                "silverstripe/framework": ">=3.5"
            },
            "type": "silverstripe-theme",
            "extra": {
                "branch-alias": {
                    "dev-master": "3.2.x-dev"
                }
            },
            "notification-url": "https://packagist.org/downloads/",
            "license": [
                "BSD-3-Clause"
            ],
            "authors": [
                {
                    "name": "Sara Tušar (Innovaif)",
                    "homepage": "http://www.saratusar.com"
                }
            ],
            "description": "The SilverStripe simple theme (default SilverStripe 3 theme)",
            "keywords": [
                "silverstripe",
                "theme"
            ],
            "time": "2017-02-01 23:56:41"
        },
        {
            "name": "silverstripe/cms",
            "version": "3.6.1",
            "source": {
                "type": "git",
                "url": "https://github.com/silverstripe/silverstripe-cms.git",
                "reference": "05bb2fef1b246bfeb47d6dd0f9e19074a4135b34"
            },
            "dist": {
                "type": "zip",
                "url": "https://api.github.com/repos/silverstripe/silverstripe-cms/zipball/05bb2fef1b246bfeb47d6dd0f9e19074a4135b34",
                "reference": "05bb2fef1b246bfeb47d6dd0f9e19074a4135b34",
                "shasum": ""
            },
            "require": {
                "composer/installers": "*",
                "php": ">=5.3.3",
                "silverstripe/framework": "~3.4",
                "silverstripe/reports": "~3.4",
                "silverstripe/siteconfig": "~3.4"
            },
            "type": "silverstripe-module",
            "extra": {
                "branch-alias": {
                    "3.x-dev": "3.6.x-dev"
                }
            },
            "autoload": {
                "classmap": [
                    "tests/behat/"
                ]
            },
            "notification-url": "https://packagist.org/downloads/",
            "license": [
                "BSD-3-Clause"
            ],
            "authors": [
                {
                    "name": "SilverStripe",
                    "homepage": "http://silverstripe.com"
                },
                {
                    "name": "The SilverStripe Community",
                    "homepage": "http://silverstripe.org"
                }
            ],
            "description": "The SilverStripe Content Management System",
            "homepage": "http://silverstripe.org",
            "keywords": [
                "cms",
                "silverstripe"
            ],
            "time": "2017-06-15T11:50:49+00:00"
        },
        {
            "name": "silverstripe/framework",
            "version": "3.6.1",
            "source": {
                "type": "git",
                "url": "https://github.com/silverstripe/silverstripe-framework.git",
                "reference": "ddff7c5dad117e49a40a3cfe1c16db84fd9b5016"
            },
            "dist": {
                "type": "zip",
                "url": "https://api.github.com/repos/silverstripe/silverstripe-framework/zipball/ddff7c5dad117e49a40a3cfe1c16db84fd9b5016",
                "reference": "ddff7c5dad117e49a40a3cfe1c16db84fd9b5016",
                "shasum": ""
            },
            "require": {
                "composer/installers": "~1.0",
                "php": ">= 5.3.3, <7.2"
            },
            "require-dev": {
                "phpunit/phpunit": "~3.7"
            },
            "type": "silverstripe-module",
            "extra": {
                "branch-alias": {
                    "3.x-dev": "3.6.x-dev"
                }
            },
            "autoload": {
                "classmap": [
                    "tests/behat/features/bootstrap"
                ]
            },
            "notification-url": "https://packagist.org/downloads/",
            "license": [
                "BSD-3-Clause"
            ],
            "authors": [
                {
                    "name": "SilverStripe",
                    "homepage": "http://silverstripe.com"
                },
                {
                    "name": "The SilverStripe Community",
                    "homepage": "http://silverstripe.org"
                }
            ],
            "description": "The SilverStripe framework",
            "homepage": "http://silverstripe.org",
            "keywords": [
                "framework",
                "silverstripe"
            ],
            "time": "2017-06-27T11:48:16+00:00"
        },
        {
            "name": "silverstripe/lumberjack",
            "version": "1.x-dev",
            "source": {
                "type": "git",
                "url": "https://github.com/silverstripe/silverstripe-lumberjack.git",
                "reference": "7115455b68782b1065e2f3bc29dfda12fd77de84"
            },
            "dist": {
                "type": "zip",
                "url": "https://api.github.com/repos/silverstripe/silverstripe-lumberjack/zipball/7115455b68782b1065e2f3bc29dfda12fd77de84",
                "reference": "7115455b68782b1065e2f3bc29dfda12fd77de84",
                "shasum": ""
            },
            "require": {
                "silverstripe/cms": "^3.1",
                "silverstripe/framework": "^3.1"
            },
            "require-dev": {
                "phpunit/phpunit": "~3.7@stable"
            },
            "type": "silverstripe-module",
            "extra": {
                "branch-alias": {
                    "1.x-dev": "1.4.x-dev"
                }
            },
            "license": [
                "BSD-2-Clause"
            ],
            "authors": [
                {
                    "name": "Michael Strong",
                    "email": "mstrong@silverstripe.org"
                }
            ],
            "description": "A module to make managing pages in a GridField easy without losing any of the functionality that you're used to in the CMS.",
            "support": {
                "source": "https://github.com/silverstripe/silverstripe-lumberjack/tree/1",
                "issues": "https://github.com/silverstripe/silverstripe-lumberjack/issues"
            },
            "time": "2017-06-15 18:18:50"
        },
        {
            "name": "silverstripe/reports",
            "version": "3.x-dev",
            "source": {
                "type": "git",
                "url": "https://github.com/silverstripe/silverstripe-reports.git",
                "reference": "76b59e74644c2274b0d59d84a27187b0b08d4c85"
            },
            "dist": {
                "type": "zip",
                "url": "https://api.github.com/repos/silverstripe/silverstripe-reports/zipball/76b59e74644c2274b0d59d84a27187b0b08d4c85",
                "reference": "76b59e74644c2274b0d59d84a27187b0b08d4c85",
                "shasum": ""
            },
            "require": {
                "php": ">=5.3.3,<7.2",
                "silverstripe/framework": "~3.3"
            },
            "require-dev": {
                "phpunit/phpunit": "~3.7"
            },
            "type": "silverstripe-module",
            "extra": {
                "branch-alias": {
                    "3.x-dev": "3.7.x-dev"
                }
            },
            "notification-url": "https://packagist.org/downloads/",
            "license": [
                "BSD-3-Clause"
            ],
            "authors": [
                {
                    "name": "SilverStripe",
                    "homepage": "http://silverstripe.com"
                },
                {
                    "name": "The SilverStripe Community",
                    "homepage": "http://silverstripe.org"
                }
            ],
            "description": "Reports module for SilverStripe CMS",
            "homepage": "http://silverstripe.org",
            "keywords": [
                "cms",
                "reports",
                "silverstripe"
            ],
            "time": "2017-06-27 12:17:31"
        },
        {
            "name": "silverstripe/siteconfig",
            "version": "3.x-dev",
            "source": {
                "type": "git",
                "url": "https://github.com/silverstripe/silverstripe-siteconfig.git",
                "reference": "8ddf53c57ef0af7e2bd763b3fd7717cf0c8c595c"
            },
            "dist": {
                "type": "zip",
                "url": "https://api.github.com/repos/silverstripe/silverstripe-siteconfig/zipball/8ddf53c57ef0af7e2bd763b3fd7717cf0c8c595c",
                "reference": "8ddf53c57ef0af7e2bd763b3fd7717cf0c8c595c",
                "shasum": ""
            },
            "require": {
                "silverstripe/framework": "*"
            },
            "type": "silverstripe-module",
            "extra": {
                "installer-name": "siteconfig",
                "branch-alias": {
                    "3.x-dev": "3.7.x-dev"
                }
            },
            "autoload": {
                "classmap": [
                    "tests/behat/"
                ]
            },
            "notification-url": "https://packagist.org/downloads/",
            "authors": [
                {
                    "name": "Will Rossiter",
                    "email": "will@fullscreen.io"
                }
            ],
            "description": "Site wide settings administration.",
            "keywords": [
                "silverstripe",
                "siteconfig"
            ],
            "time": "2017-06-27 12:19:29"
        },
        {
            "name": "silverstripe/spamprotection",
            "version": "1.2.0",
            "source": {
                "type": "git",
                "url": "https://github.com/silverstripe/silverstripe-spamprotection.git",
                "reference": "39f7f0be454af5f67f2789c6e7691221896fa313"
            },
            "dist": {
                "type": "zip",
                "url": "https://api.github.com/repos/silverstripe/silverstripe-spamprotection/zipball/39f7f0be454af5f67f2789c6e7691221896fa313",
                "reference": "39f7f0be454af5f67f2789c6e7691221896fa313",
                "shasum": ""
            },
            "require": {
                "silverstripe/framework": "~3.1"
            },
            "type": "silverstripe-module",
            "notification-url": "https://packagist.org/downloads/",
            "authors": [
                {
                    "name": "Saophalkun Ponlu",
                    "email": "phalkunz@silverstripe.com"
                },
                {
                    "name": "Will Rossiter",
                    "email": "will@fullscreen.io",
                    "homepage": "http://wilr.github.com"
                }
            ],
            "description": "Spam protection module for SilverStripe.",
            "keywords": [
                "silverstripe",
                "spamprotection"
            ],
            "time": "2014-03-07T07:38:25+00:00"
        },
        {
            "name": "silverstripe/tagfield",
            "version": "1.x-dev",
            "source": {
                "type": "git",
                "url": "https://github.com/silverstripe/silverstripe-tagfield.git",
                "reference": "b6077221ac92f86d4042428e8da29a92f567fa2c"
            },
            "dist": {
                "type": "zip",
                "url": "https://api.github.com/repos/silverstripe/silverstripe-tagfield/zipball/b6077221ac92f86d4042428e8da29a92f567fa2c",
                "reference": "b6077221ac92f86d4042428e8da29a92f567fa2c",
                "shasum": ""
            },
            "require": {
                "silverstripe/framework": "~3.1"
            },
            "type": "silverstripe-module",
            "extra": {
                "branch-alias": {
                    "1.x-dev": "1.4.x-dev"
                }
            },
            "notification-url": "https://packagist.org/downloads/",
            "license": [
                "BSD-3-Clause"
            ],
            "authors": [
                {
                    "name": "Christopher Pitt",
                    "email": "chris@silverstripe.com",
                    "homepage": "http://github.com/assertchris"
                }
            ],
            "description": "Tag field for Silverstripe",
            "keywords": [
                "field",
                "silverstripe",
                "tag"
            ],
            "time": "2017-03-30 16:11:29"
        },
        {
            "name": "thisisbd/silverstripe-maintenance-mode",
            "version": "dev-master",
            "source": {
                "type": "git",
                "url": "https://github.com/dljoseph/silverstripe-maintenance-mode.git",
                "reference": "fbf69224a9cf3a058b2b67fcea4cb9f29e6a452e"
            },
            "dist": {
                "type": "zip",
                "url": "https://api.github.com/repos/dljoseph/silverstripe-maintenance-mode/zipball/fbf69224a9cf3a058b2b67fcea4cb9f29e6a452e",
                "reference": "fbf69224a9cf3a058b2b67fcea4cb9f29e6a452e",
                "shasum": ""
            },
            "require": {
                "silverstripe/cms": "~3.1",
                "silverstripe/framework": "~3.1"
            },
            "type": "silverstripe-module",
            "extra": {
                "installer-name": "maintenance-mode"
            },
            "notification-url": "https://packagist.org/downloads/",
            "license": [
                "BSD-3-Clause"
            ],
            "authors": [
                {
                    "name": "Myles Beardsmore",
                    "email": "mediabeastnz@gmail.com"
                },
                {
                    "name": "Patrick Nelson",
                    "email": "pat@catchyour.com"
                },
                {
                    "name": "Darren-Lee Joseph",
                    "email": "darren.lee.joseph@gmail.com"
                }
            ],
            "description": "SilverStripe Maintenance Mode Module.  Allows an administrator to put site in offline mode with 503 status to display a 'Coming Soon', 'Under Construction' or 'Down for Maintenance' Page to regular visitors, whilst allowing a logged in admin user to browse and make changes to the site.",
            "homepage": "http://github.com/dljoseph/silverstripe-maintenance-mode",
            "keywords": [
                "Maintenance mode",
                "coming soon",
                "landing page",
                "offline page",
                "silverstripe",
                "under construction",
                "utility page"
            ],
            "time": "2017-02-01 21:38:32"
        },
        {
            "name": "unclecheese/betterbuttons",
            "version": "1.3.x-dev",
            "source": {
                "type": "git",
                "url": "https://github.com/unclecheese/silverstripe-gridfield-betterbuttons.git",
                "reference": "71f9653f51420ca07a33024bd8fe4396ee532bdb"
            },
            "dist": {
                "type": "zip",
                "url": "https://api.github.com/repos/unclecheese/silverstripe-gridfield-betterbuttons/zipball/71f9653f51420ca07a33024bd8fe4396ee532bdb",
                "reference": "71f9653f51420ca07a33024bd8fe4396ee532bdb",
                "shasum": ""
            },
            "require": {
                "silverstripe/framework": "~3.1"
            },
            "type": "silverstripe-module",
            "notification-url": "https://packagist.org/downloads/",
            "license": [
                "GNU"
            ],
            "authors": [
                {
                    "name": "Uncle Cheese",
                    "email": "unclecheese@leftandmain.com"
                }
            ],
            "description": "Adds new form actions and buttons to GridField detail form for usability enhancements.",
            "keywords": [
                "buttons",
                "gridfield",
                "silverstripe"
            ],
            "time": "2017-01-20 08:51:05"
        },
        {
            "name": "undefinedoffset/silverstripe-nocaptcha",
            "version": "0.1.5",
            "source": {
                "type": "git",
                "url": "https://github.com/UndefinedOffset/silverstripe-nocaptcha.git",
                "reference": "8e651e8229cba7f69a12f373a76f222b2dde92d3"
            },
            "dist": {
                "type": "zip",
                "url": "https://api.github.com/repos/UndefinedOffset/silverstripe-nocaptcha/zipball/8e651e8229cba7f69a12f373a76f222b2dde92d3",
                "reference": "8e651e8229cba7f69a12f373a76f222b2dde92d3",
                "shasum": ""
            },
            "require": {
                "composer/installers": "*",
                "silverstripe/framework": "~3.1",
                "silverstripe/spamprotection": ">=1.2.0"
            },
            "type": "silverstripe-module",
            "extra": {
                "installer-name": "nocaptcha"
            },
            "notification-url": "https://packagist.org/downloads/",
            "license": [
                "BSD-3-Clause"
            ],
            "authors": [
                {
                    "name": "Ed Chipman",
                    "homepage": "http://www.edchipman.ca",
                    "role": "Developer"
                }
            ],
            "description": "A spam protector and form field using the new Google's reCAPTCHA 2 aka No Captcha",
            "keywords": [
                "nocaptcha",
                "recaptcha",
                "recaptcha2",
                "silverstripe",
                "spamprotection"
            ],
            "time": "2015-10-01T22:50:02+00:00"
        },
        {
            "name": "undefinedoffset/sortablegridfield",
            "version": "0.6.9",
            "source": {
                "type": "git",
                "url": "https://github.com/UndefinedOffset/SortableGridField.git",
                "reference": "1750b7b45a3b140cbcdac76707c17fc98eb8e99c"
            },
            "dist": {
                "type": "zip",
                "url": "https://api.github.com/repos/UndefinedOffset/SortableGridField/zipball/1750b7b45a3b140cbcdac76707c17fc98eb8e99c",
                "reference": "1750b7b45a3b140cbcdac76707c17fc98eb8e99c",
                "shasum": ""
            },
            "require": {
                "composer/installers": "*",
                "silverstripe/framework": ">=3.0.1"
            },
            "type": "silverstripe-module",
            "extra": {
                "installer-name": "sortablegridfield"
            },
            "notification-url": "https://packagist.org/downloads/",
            "license": [
                "BSD-3-Clause"
            ],
            "authors": [
                {
                    "name": "Ed Chipman",
                    "homepage": "http://www.edchipman.ca",
                    "role": "Developer"
                }
            ],
            "description": "Adds drag and drop functionality to SilverStripe 3.0's GridField",
            "keywords": [
                "gridfield",
                "silverstripe"
            ],
            "time": "2017-04-21T12:32:43+00:00"
        }
    ],
    "packages-dev": [],
    "aliases": [],
    "minimum-stability": "dev",
    "stability-flags": {
        "silverstripe/cms": 0,
        "silverstripe/framework": 0,
        "rywa/silverstripe-foundation-forms": 20,
        "i-lateral/silverstripe-trumbowyg-htmleditor": 20
    },
    "prefer-stable": false,
    "prefer-lowest": false,
    "platform": {
        "php": ">=5.3.2"
    },
    "platform-dev": []
}
